
Microsoft Visual Studio Solution File, Format Version 12.00
# Visual Studio Version 16
VisualStudioVersion = 16.0.29503.13
MinimumVisualStudioVersion = 10.0.40219.1
Project("{FAE04EC0-301F-11D3-BF4B-00C04F79EFBC}") = "Currency Exchange For Real", "Currency Exchange For Real.csproj", "{065C86FE-04C4-4B8E-9154-94115C0DA0CD}"
EndProject
Global
	GlobalSection(SolutionConfigurationPlatforms) = preSolution
		Debug|Any CPU = Debug|Any CPU
		Release|Any CPU = Release|Any CPU
	EndGlobalSection
	GlobalSection(ProjectConfigurationPlatforms) = postSolution
		{065C86FE-04C4-4B8E-9154-94115C0DA0CD}.Debug|Any CPU.ActiveCfg = Debug|Any CPU
		{065C86FE-04C4-4B8E-9154-94115C0DA0CD}.Debug|Any CPU.Build.0 = Debug|Any CPU
		{065C86FE-04C4-4B8E-9154-94115C0DA0CD}.Release|Any CPU.ActiveCfg = Release|Any CPU
		{065C86FE-04C4-4B8E-9154-94115C0DA0CD}.Release|Any CPU.Build.0 = Release|Any CPU
	EndGlobalSection
	GlobalSection(SolutionProperties) = preSolution
		HideSolutionNode = FALSE
	EndGlobalSection
	GlobalSection(ExtensibilityGlobals) = postSolution
		SolutionGuid = {8E37A3B1-66D3-4FEA-A586-615C01815BAF}
	EndGlobalSection
EndGlobal
